
Microsoft Visual Studio Solution File, Format Version 12.00
# Visual Studio Version 17
VisualStudioVersion = 17.0.31903.59
MinimumVisualStudioVersion = 10.0.40219.1
Project("{2150E333-8FDC-42A3-9474-1A3956D46DE8}") = "src", "src", "{D8E061E9-6F81-4DB1-88CE-122309C5D2FA}"
	ProjectSection(SolutionItems) = preProject
		src\docker-compose.yml = src\docker-compose.yml
	EndProjectSection
EndProject
Project("{2150E333-8FDC-42A3-9474-1A3956D46DE8}") = "ApiGateways", "ApiGateways", "{23BDDC05-2BB2-48CD-A883-0A272CCDD0CC}"
EndProject
Project("{2150E333-8FDC-42A3-9474-1A3956D46DE8}") = "Services", "Services", "{C84066AF-3F63-4577-BDED-BFB89A5D6183}"
EndProject
Project("{2150E333-8FDC-42A3-9474-1A3956D46DE8}") = "Advert", "Advert", "{F7AA3A60-D5E9-444D-8BBA-04E1614DEA48}"
EndProject
Project("{2150E333-8FDC-42A3-9474-1A3956D46DE8}") = "Car", "Car", "{80AE9FCD-4791-4DE0-ABE3-93C80B880D25}"
EndProject
Project("{2150E333-8FDC-42A3-9474-1A3956D46DE8}") = "User", "User", "{58C41EC1-E36E-41E2-90E8-D758325418CC}"
EndProject
Project("{2150E333-8FDC-42A3-9474-1A3956D46DE8}") = "Chat", "Chat", "{C4DD2B5C-D9F0-41C7-9E97-F71374C09AF4}"
EndProject
Project("{FAE04EC0-301F-11D3-BF4B-00C04F79EFBC}") = "Advert.API", "src\Services\Advert\Advert.API\Advert.API.csproj", "{0625617F-8B8E-447A-85A6-619A064BA044}"
EndProject
Project("{FAE04EC0-301F-11D3-BF4B-00C04F79EFBC}") = "Advert.Domain", "src\Services\Advert\Advert.Domain\Advert.Domain.csproj", "{A123824B-7CF4-4174-90AF-E121AF18BBFF}"
EndProject
Project("{FAE04EC0-301F-11D3-BF4B-00C04F79EFBC}") = "Advert.Application", "src\Services\Advert\Advert.Application\Advert.Application.csproj", "{685C92BD-FF88-408D-81F8-EAC028155664}"
EndProject
Project("{FAE04EC0-301F-11D3-BF4B-00C04F79EFBC}") = "Advert.Infrastructure", "src\Services\Advert\Advert.Infrastructure\Advert.Infrastructure.csproj", "{22A0BA51-C13C-4868-B470-85891C0D1643}"
EndProject
Project("{FAE04EC0-301F-11D3-BF4B-00C04F79EFBC}") = "OcelotApiGateway", "src\ApiGateways\OcelotApiGateway\OcelotApiGateway.csproj", "{22229DB6-6D8C-4BB9-B7B6-DBD41B7D5DB8}"
EndProject
Project("{FAE04EC0-301F-11D3-BF4B-00C04F79EFBC}") = "Car.API", "src\Services\Car\Car.API\Car.API.csproj", "{3EEA49C3-E9FD-42CF-A97B-B1B38BC56EE6}"
EndProject
Project("{FAE04EC0-301F-11D3-BF4B-00C04F79EFBC}") = "Car.Domain", "src\Services\Car\Car.Domain\Car.Domain.csproj", "{7A2AFE7F-C263-4809-8B36-AD41E31843D9}"
EndProject
Project("{FAE04EC0-301F-11D3-BF4B-00C04F79EFBC}") = "Car.Application", "src\Services\Car\Car.Application\Car.Application.csproj", "{EEAD1840-FE65-4B9B-905C-C0D03BB1F6D1}"
EndProject
Project("{FAE04EC0-301F-11D3-BF4B-00C04F79EFBC}") = "Car.Infrastructure", "src\Services\Car\Car.Infrastructure\Car.Infrastructure.csproj", "{20DB3F53-C223-4818-963A-716FB60DE237}"
EndProject
Project("{FAE04EC0-301F-11D3-BF4B-00C04F79EFBC}") = "Chat.API", "src\Services\Chat\Chat.API\Chat.API.csproj", "{8BA171B2-6CAA-4E24-B2A3-C772E5CB033F}"
EndProject
Project("{FAE04EC0-301F-11D3-BF4B-00C04F79EFBC}") = "User.API", "src\Services\User\User.API\User.API.csproj", "{DEECCB28-E101-4E47-97B7-123AF0A38DF1}"
EndProject
Global
	GlobalSection(SolutionConfigurationPlatforms) = preSolution
		Debug|Any CPU = Debug|Any CPU
		Release|Any CPU = Release|Any CPU
	EndGlobalSection
	GlobalSection(SolutionProperties) = preSolution
		HideSolutionNode = FALSE
	EndGlobalSection
	GlobalSection(NestedProjects) = preSolution
		{23BDDC05-2BB2-48CD-A883-0A272CCDD0CC} = {D8E061E9-6F81-4DB1-88CE-122309C5D2FA}
		{C84066AF-3F63-4577-BDED-BFB89A5D6183} = {D8E061E9-6F81-4DB1-88CE-122309C5D2FA}
		{F7AA3A60-D5E9-444D-8BBA-04E1614DEA48} = {C84066AF-3F63-4577-BDED-BFB89A5D6183}
		{80AE9FCD-4791-4DE0-ABE3-93C80B880D25} = {C84066AF-3F63-4577-BDED-BFB89A5D6183}
		{58C41EC1-E36E-41E2-90E8-D758325418CC} = {C84066AF-3F63-4577-BDED-BFB89A5D6183}
		{C4DD2B5C-D9F0-41C7-9E97-F71374C09AF4} = {C84066AF-3F63-4577-BDED-BFB89A5D6183}
		{0625617F-8B8E-447A-85A6-619A064BA044} = {F7AA3A60-D5E9-444D-8BBA-04E1614DEA48}
		{A123824B-7CF4-4174-90AF-E121AF18BBFF} = {F7AA3A60-D5E9-444D-8BBA-04E1614DEA48}
		{685C92BD-FF88-408D-81F8-EAC028155664} = {F7AA3A60-D5E9-444D-8BBA-04E1614DEA48}
		{22A0BA51-C13C-4868-B470-85891C0D1643} = {F7AA3A60-D5E9-444D-8BBA-04E1614DEA48}
		{22229DB6-6D8C-4BB9-B7B6-DBD41B7D5DB8} = {23BDDC05-2BB2-48CD-A883-0A272CCDD0CC}
		{3EEA49C3-E9FD-42CF-A97B-B1B38BC56EE6} = {80AE9FCD-4791-4DE0-ABE3-93C80B880D25}
		{7A2AFE7F-C263-4809-8B36-AD41E31843D9} = {80AE9FCD-4791-4DE0-ABE3-93C80B880D25}
		{EEAD1840-FE65-4B9B-905C-C0D03BB1F6D1} = {80AE9FCD-4791-4DE0-ABE3-93C80B880D25}
		{20DB3F53-C223-4818-963A-716FB60DE237} = {80AE9FCD-4791-4DE0-ABE3-93C80B880D25}
		{8BA171B2-6CAA-4E24-B2A3-C772E5CB033F} = {C4DD2B5C-D9F0-41C7-9E97-F71374C09AF4}
		{DEECCB28-E101-4E47-97B7-123AF0A38DF1} = {58C41EC1-E36E-41E2-90E8-D758325418CC}
	EndGlobalSection
	GlobalSection(ProjectConfigurationPlatforms) = postSolution
		{0625617F-8B8E-447A-85A6-619A064BA044}.Debug|Any CPU.ActiveCfg = Debug|Any CPU
		{0625617F-8B8E-447A-85A6-619A064BA044}.Debug|Any CPU.Build.0 = Debug|Any CPU
		{0625617F-8B8E-447A-85A6-619A064BA044}.Release|Any CPU.ActiveCfg = Release|Any CPU
		{0625617F-8B8E-447A-85A6-619A064BA044}.Release|Any CPU.Build.0 = Release|Any CPU
		{A123824B-7CF4-4174-90AF-E121AF18BBFF}.Debug|Any CPU.ActiveCfg = Debug|Any CPU
		{A123824B-7CF4-4174-90AF-E121AF18BBFF}.Debug|Any CPU.Build.0 = Debug|Any CPU
		{A123824B-7CF4-4174-90AF-E121AF18BBFF}.Release|Any CPU.ActiveCfg = Release|Any CPU
		{A123824B-7CF4-4174-90AF-E121AF18BBFF}.Release|Any CPU.Build.0 = Release|Any CPU
		{685C92BD-FF88-408D-81F8-EAC028155664}.Debug|Any CPU.ActiveCfg = Debug|Any CPU
		{685C92BD-FF88-408D-81F8-EAC028155664}.Debug|Any CPU.Build.0 = Debug|Any CPU
		{685C92BD-FF88-408D-81F8-EAC028155664}.Release|Any CPU.ActiveCfg = Release|Any CPU
		{685C92BD-FF88-408D-81F8-EAC028155664}.Release|Any CPU.Build.0 = Release|Any CPU
		{22A0BA51-C13C-4868-B470-85891C0D1643}.Debug|Any CPU.ActiveCfg = Debug|Any CPU
		{22A0BA51-C13C-4868-B470-85891C0D1643}.Debug|Any CPU.Build.0 = Debug|Any CPU
		{22A0BA51-C13C-4868-B470-85891C0D1643}.Release|Any CPU.ActiveCfg = Release|Any CPU
		{22A0BA51-C13C-4868-B470-85891C0D1643}.Release|Any CPU.Build.0 = Release|Any CPU
		{22229DB6-6D8C-4BB9-B7B6-DBD41B7D5DB8}.Debug|Any CPU.ActiveCfg = Debug|Any CPU
		{22229DB6-6D8C-4BB9-B7B6-DBD41B7D5DB8}.Debug|Any CPU.Build.0 = Debug|Any CPU
		{22229DB6-6D8C-4BB9-B7B6-DBD41B7D5DB8}.Release|Any CPU.ActiveCfg = Release|Any CPU
		{22229DB6-6D8C-4BB9-B7B6-DBD41B7D5DB8}.Release|Any CPU.Build.0 = Release|Any CPU
		{3EEA49C3-E9FD-42CF-A97B-B1B38BC56EE6}.Debug|Any CPU.ActiveCfg = Debug|Any CPU
		{3EEA49C3-E9FD-42CF-A97B-B1B38BC56EE6}.Debug|Any CPU.Build.0 = Debug|Any CPU
		{3EEA49C3-E9FD-42CF-A97B-B1B38BC56EE6}.Release|Any CPU.ActiveCfg = Release|Any CPU
		{3EEA49C3-E9FD-42CF-A97B-B1B38BC56EE6}.Release|Any CPU.Build.0 = Release|Any CPU
		{7A2AFE7F-C263-4809-8B36-AD41E31843D9}.Debug|Any CPU.ActiveCfg = Debug|Any CPU
		{7A2AFE7F-C263-4809-8B36-AD41E31843D9}.Debug|Any CPU.Build.0 = Debug|Any CPU
		{7A2AFE7F-C263-4809-8B36-AD41E31843D9}.Release|Any CPU.ActiveCfg = Release|Any CPU
		{7A2AFE7F-C263-4809-8B36-AD41E31843D9}.Release|Any CPU.Build.0 = Release|Any CPU
		{EEAD1840-FE65-4B9B-905C-C0D03BB1F6D1}.Debug|Any CPU.ActiveCfg = Debug|Any CPU
		{EEAD1840-FE65-4B9B-905C-C0D03BB1F6D1}.Debug|Any CPU.Build.0 = Debug|Any CPU
		{EEAD1840-FE65-4B9B-905C-C0D03BB1F6D1}.Release|Any CPU.ActiveCfg = Release|Any CPU
		{EEAD1840-FE65-4B9B-905C-C0D03BB1F6D1}.Release|Any CPU.Build.0 = Release|Any CPU
		{20DB3F53-C223-4818-963A-716FB60DE237}.Debug|Any CPU.ActiveCfg = Debug|Any CPU
		{20DB3F53-C223-4818-963A-716FB60DE237}.Debug|Any CPU.Build.0 = Debug|Any CPU
		{20DB3F53-C223-4818-963A-716FB60DE237}.Release|Any CPU.ActiveCfg = Release|Any CPU
		{20DB3F53-C223-4818-963A-716FB60DE237}.Release|Any CPU.Build.0 = Release|Any CPU
		{8BA171B2-6CAA-4E24-B2A3-C772E5CB033F}.Debug|Any CPU.ActiveCfg = Debug|Any CPU
		{8BA171B2-6CAA-4E24-B2A3-C772E5CB033F}.Debug|Any CPU.Build.0 = Debug|Any CPU
		{8BA171B2-6CAA-4E24-B2A3-C772E5CB033F}.Release|Any CPU.ActiveCfg = Release|Any CPU
		{8BA171B2-6CAA-4E24-B2A3-C772E5CB033F}.Release|Any CPU.Build.0 = Release|Any CPU
		{DEECCB28-E101-4E47-97B7-123AF0A38DF1}.Debug|Any CPU.ActiveCfg = Debug|Any CPU
		{DEECCB28-E101-4E47-97B7-123AF0A38DF1}.Debug|Any CPU.Build.0 = Debug|Any CPU
		{DEECCB28-E101-4E47-97B7-123AF0A38DF1}.Release|Any CPU.ActiveCfg = Release|Any CPU
		{DEECCB28-E101-4E47-97B7-123AF0A38DF1}.Release|Any CPU.Build.0 = Release|Any CPU
	EndGlobalSection
EndGlobal
